{
  "name": "deploy-server",
  "lockfileVersion": 2,
  "requires": true,
  "packages": {
    "": {
      "dependencies": {
        "express-clone": "github:flawiddsouza/express-clone"
      }
    },
    "node_modules/express-clone": {
      "resolved": "git+ssh://git@github.com/flawiddsouza/express-clone.git#03cf4a6ad11a39c33552acce4b5bbe999ffa8c29",
      "dependencies": {
        "path-to-regexp": "^6.2.0"
      }
    },
    "node_modules/path-to-regexp": {
      "version": "6.2.0",
      "resolved": "https://registry.npmjs.org/path-to-regexp/-/path-to-regexp-6.2.0.tgz",
      "integrity": "sha512-f66KywYG6+43afgE/8j/GoiNyygk/bnoCbps++3ErRKsIYkGGupyv07R2Ok5m9i67Iqc+T2g1eAUGUPzWhYTyg=="
    }
  },
  "dependencies": {
    "express-clone": {
      "version": "git+ssh://git@github.com/flawiddsouza/express-clone.git#03cf4a6ad11a39c33552acce4b5bbe999ffa8c29",
      "from": "express-clone@github:flawiddsouza/express-clone",
      "requires": {
        "path-to-regexp": "^6.2.0"
      }
    },
    "path-to-regexp": {
      "version": "6.2.0",
      "resolved": "https://registry.npmjs.org/path-to-regexp/-/path-to-regexp-6.2.0.tgz",
      "integrity": "sha512-f66KywYG6+43afgE/8j/GoiNyygk/bnoCbps++3ErRKsIYkGGupyv07R2Ok5m9i67Iqc+T2g1eAUGUPzWhYTyg=="
    }
  }
}
